<?xml version="1.0" encoding="UTF-8" standalone="yes" ?>
<CodeBlocks_project_file>
	<FileVersion major="1" minor="6" />
	<Project>
		<Option title="Projekt" />
		<Option pch_mode="2" />
		<Option compiler="gcc" />
		<Build>
			<Target title="Debug">
				<Option output="bin/Debug/Projekt" prefix_auto="1" extension_auto="1" />
				<Option object_output="obj/Debug/" />
				<Option type="1" />
				<Option compiler="gcc" />
				<Compiler>
					<Add option="-g" />
				</Compiler>
			</Target>
			<Target title="Release">
				<Option output="bin/Release/Projekt" prefix_auto="1" extension_auto="1" />
				<Option object_output="obj/Release/" />
				<Option type="1" />
				<Option compiler="gcc" />
				<Compiler>
					<Add option="-O2" />
				</Compiler>
				<Linker>
					<Add option="-s" />
				</Linker>
			</Target>
		</Build>
		<Compiler>
			<Add option="-Wall" />
			<Add option="-fexceptions" />
		</Compiler>
		<Unit filename="admin_panel.cpp" />
		<Unit filename="admin_panel.h" />
		<Unit filename="first_screen.cpp" />
		<Unit filename="first_screen.h" />
		<Unit filename="justify_text.cpp" />
		<Unit filename="justify_text.hpp" />
		<Unit filename="log_in.h" />
		<Unit filename="log_in_screen.cpp" />
		<Unit filename="main.cpp" />
		<Unit filename="read_csv.cpp" />
		<Unit filename="read_csv.h" />
		<Unit filename="table_of_books.cpp" />
		<Unit filename="table_of_books.h" />
		<Unit filename="user_office.cpp" />
		<Unit filename="user_office.h" />
		<Extensions />
	</Project>
</CodeBlocks_project_file>
